
Microsoft Visual Studio Solution File, Format Version 12.00
# Visual Studio Version 16
VisualStudioVersion = 16.0.31424.327
MinimumVisualStudioVersion = 10.0.40219.1
Project("{FAE04EC0-301F-11D3-BF4B-00C04F79EFBC}") = "ProyectoG7", "ProyectoG7\ProyectoG7.csproj", "{5C2C9B4D-1AB7-4AC1-9F04-D164ABEADF95}"
EndProject
Global
	GlobalSection(SolutionConfigurationPlatforms) = preSolution
		Debug|Any CPU = Debug|Any CPU
		Release|Any CPU = Release|Any CPU
	EndGlobalSection
	GlobalSection(ProjectConfigurationPlatforms) = postSolution
		{5C2C9B4D-1AB7-4AC1-9F04-D164ABEADF95}.Debug|Any CPU.ActiveCfg = Debug|Any CPU
		{5C2C9B4D-1AB7-4AC1-9F04-D164ABEADF95}.Debug|Any CPU.Build.0 = Debug|Any CPU
		{5C2C9B4D-1AB7-4AC1-9F04-D164ABEADF95}.Release|Any CPU.ActiveCfg = Release|Any CPU
		{5C2C9B4D-1AB7-4AC1-9F04-D164ABEADF95}.Release|Any CPU.Build.0 = Release|Any CPU
	EndGlobalSection
	GlobalSection(SolutionProperties) = preSolution
		HideSolutionNode = FALSE
	EndGlobalSection
	GlobalSection(ExtensibilityGlobals) = postSolution
		SolutionGuid = {AF301C3D-67D3-4AA9-B19D-0EC9A60077A2}
	EndGlobalSection
EndGlobal
